
Microsoft Visual Studio Solution File, Format Version 12.00
# Visual Studio Version 17
VisualStudioVersion = 17.3.32901.215
MinimumVisualStudioVersion = 10.0.40219.1
Project("{FAE04EC0-301F-11D3-BF4B-00C04F79EFBC}") = "drx", "drx\drx.csproj", "{5954A1ED-8121-443D-9BFE-8C8164853FA6}"
EndProject
Global
	GlobalSection(SolutionConfigurationPlatforms) = preSolution
		Debug|Any CPU = Debug|Any CPU
		Release|Any CPU = Release|Any CPU
	EndGlobalSection
	GlobalSection(ProjectConfigurationPlatforms) = postSolution
		{5954A1ED-8121-443D-9BFE-8C8164853FA6}.Debug|Any CPU.ActiveCfg = Debug|Any CPU
		{5954A1ED-8121-443D-9BFE-8C8164853FA6}.Debug|Any CPU.Build.0 = Debug|Any CPU
		{5954A1ED-8121-443D-9BFE-8C8164853FA6}.Release|Any CPU.ActiveCfg = Release|Any CPU
		{5954A1ED-8121-443D-9BFE-8C8164853FA6}.Release|Any CPU.Build.0 = Release|Any CPU
	EndGlobalSection
	GlobalSection(SolutionProperties) = preSolution
		HideSolutionNode = FALSE
	EndGlobalSection
	GlobalSection(ExtensibilityGlobals) = postSolution
		SolutionGuid = {26E6DD09-A0D2-4D51-A958-1E041939DCAB}
	EndGlobalSection
EndGlobal
